
Microsoft Visual Studio Solution File, Format Version 12.00
# Visual Studio Version 16
VisualStudioVersion = 16.0.29911.84
MinimumVisualStudioVersion = 10.0.40219.1
Project("{FAE04EC0-301F-11D3-BF4B-00C04F79EFBC}") = "ProjetoMVCD33", "ProjetoMVCD33\ProjetoMVCD33.csproj", "{0E267CBD-251D-488E-B66D-FD538A01C8D0}"
EndProject
Global
	GlobalSection(SolutionConfigurationPlatforms) = preSolution
		Debug|Any CPU = Debug|Any CPU
		Release|Any CPU = Release|Any CPU
	EndGlobalSection
	GlobalSection(ProjectConfigurationPlatforms) = postSolution
		{0E267CBD-251D-488E-B66D-FD538A01C8D0}.Debug|Any CPU.ActiveCfg = Debug|Any CPU
		{0E267CBD-251D-488E-B66D-FD538A01C8D0}.Debug|Any CPU.Build.0 = Debug|Any CPU
		{0E267CBD-251D-488E-B66D-FD538A01C8D0}.Release|Any CPU.ActiveCfg = Release|Any CPU
		{0E267CBD-251D-488E-B66D-FD538A01C8D0}.Release|Any CPU.Build.0 = Release|Any CPU
	EndGlobalSection
	GlobalSection(SolutionProperties) = preSolution
		HideSolutionNode = FALSE
	EndGlobalSection
	GlobalSection(ExtensibilityGlobals) = postSolution
		SolutionGuid = {F4B4E426-0D74-40C0-AF4D-A8E101714212}
	EndGlobalSection
EndGlobal
